
Microsoft Visual Studio Solution File, Format Version 12.00
# Visual Studio Version 17
VisualStudioVersion = 17.10.35004.147
MinimumVisualStudioVersion = 10.0.40219.1
Project("{FAE04EC0-301F-11D3-BF4B-00C04F79EFBC}") = "QuanLyThongtin", "QuanLyThongtin\QuanLyThongtin.csproj", "{780A8012-6D06-45B5-A1EB-5C9A903B9540}"
EndProject
Global
	GlobalSection(SolutionConfigurationPlatforms) = preSolution
		Debug|Any CPU = Debug|Any CPU
		Release|Any CPU = Release|Any CPU
	EndGlobalSection
	GlobalSection(ProjectConfigurationPlatforms) = postSolution
		{780A8012-6D06-45B5-A1EB-5C9A903B9540}.Debug|Any CPU.ActiveCfg = Debug|Any CPU
		{780A8012-6D06-45B5-A1EB-5C9A903B9540}.Debug|Any CPU.Build.0 = Debug|Any CPU
		{780A8012-6D06-45B5-A1EB-5C9A903B9540}.Release|Any CPU.ActiveCfg = Release|Any CPU
		{780A8012-6D06-45B5-A1EB-5C9A903B9540}.Release|Any CPU.Build.0 = Release|Any CPU
	EndGlobalSection
	GlobalSection(SolutionProperties) = preSolution
		HideSolutionNode = FALSE
	EndGlobalSection
	GlobalSection(ExtensibilityGlobals) = postSolution
		SolutionGuid = {4ABBEF83-BF62-4661-BD4A-9F1B1E74A06F}
	EndGlobalSection
EndGlobal
